
Microsoft Visual Studio Solution File, Format Version 12.00
# Visual Studio 15
VisualStudioVersion = 15.0.27703.2026
MinimumVisualStudioVersion = 10.0.40219.1
Project("{FAE04EC0-301F-11D3-BF4B-00C04F79EFBC}") = "InterviewTask", "InterviewTask\InterviewTask.csproj", "{23053F64-043C-477D-95F7-B4EEE2F828AF}"
EndProject
Project("{FAE04EC0-301F-11D3-BF4B-00C04F79EFBC}") = "ClassLibrarydatabaseModel", "ClassLibrarydatabaseModel\ClassLibrarydatabaseModel.csproj", "{4263021C-1F8F-48E0-88E5-A2FF9B3C97F8}"
EndProject
Global
	GlobalSection(SolutionConfigurationPlatforms) = preSolution
		Debug|Any CPU = Debug|Any CPU
		Release|Any CPU = Release|Any CPU
	EndGlobalSection
	GlobalSection(ProjectConfigurationPlatforms) = postSolution
		{23053F64-043C-477D-95F7-B4EEE2F828AF}.Debug|Any CPU.ActiveCfg = Debug|Any CPU
		{23053F64-043C-477D-95F7-B4EEE2F828AF}.Debug|Any CPU.Build.0 = Debug|Any CPU
		{23053F64-043C-477D-95F7-B4EEE2F828AF}.Release|Any CPU.ActiveCfg = Release|Any CPU
		{23053F64-043C-477D-95F7-B4EEE2F828AF}.Release|Any CPU.Build.0 = Release|Any CPU
		{4263021C-1F8F-48E0-88E5-A2FF9B3C97F8}.Debug|Any CPU.ActiveCfg = Debug|Any CPU
		{4263021C-1F8F-48E0-88E5-A2FF9B3C97F8}.Debug|Any CPU.Build.0 = Debug|Any CPU
		{4263021C-1F8F-48E0-88E5-A2FF9B3C97F8}.Release|Any CPU.ActiveCfg = Release|Any CPU
		{4263021C-1F8F-48E0-88E5-A2FF9B3C97F8}.Release|Any CPU.Build.0 = Release|Any CPU
	EndGlobalSection
	GlobalSection(SolutionProperties) = preSolution
		HideSolutionNode = FALSE
	EndGlobalSection
	GlobalSection(ExtensibilityGlobals) = postSolution
		SolutionGuid = {A78DA34C-7228-4D8A-A149-D8EE85F4E557}
	EndGlobalSection
EndGlobal
